
Microsoft Visual Studio Solution File, Format Version 12.00
# Visual Studio Version 17
VisualStudioVersion = 17.0.31903.59
MinimumVisualStudioVersion = 10.0.40219.1
Project("{2150E333-8FDC-42A3-9474-1A3956D46DE8}") = "src", "src", "{827E0CD3-B72D-47B6-A68D-7590B98EB39B}"
EndProject
Project("{FAE04EC0-301F-11D3-BF4B-00C04F79EFBC}") = "EnterpriseApi.WebApi", "src\EnterpriseApi.WebApi\EnterpriseApi.WebApi.csproj", "{CF742EC8-64CE-470D-806C-B4F9E9B1CAD3}"
EndProject
Project("{FAE04EC0-301F-11D3-BF4B-00C04F79EFBC}") = "EnterpriseApi.Domain", "src\EnterpriseApi.Domain\EnterpriseApi.Domain.csproj", "{1B32F90D-2DB8-4D83-886E-4F1DA554A896}"
EndProject
Project("{FAE04EC0-301F-11D3-BF4B-00C04F79EFBC}") = "EnterpriseApi.Application", "src\EnterpriseApi.Application\EnterpriseApi.Application.csproj", "{9AFE41DE-6B66-4D37-927F-ED53B8A1E0EB}"
EndProject
Project("{FAE04EC0-301F-11D3-BF4B-00C04F79EFBC}") = "EnterpriseApi.Infrastructure", "src\EnterpriseApi.Infrastructure\EnterpriseApi.Infrastructure.csproj", "{E0220E15-33B3-492F-BA0E-899265989B09}"
EndProject
Project("{2150E333-8FDC-42A3-9474-1A3956D46DE8}") = "tests", "tests", "{0AB3BF05-4346-4AA6-1389-037BE0695223}"
EndProject
Project("{FAE04EC0-301F-11D3-BF4B-00C04F79EFBC}") = "EnterpriseApi.Application.Tests", "tests\EnterpriseApi.Application.Tests\EnterpriseApi.Application.Tests.csproj", "{74BEDDF4-6C1D-4368-BF8B-BE38FE855B3E}"
EndProject
Project("{FAE04EC0-301F-11D3-BF4B-00C04F79EFBC}") = "EnterpriseApi.DataSeeder", "src\EnterpriseApi.DataSeeder\EnterpriseApi.DataSeeder.csproj", "{495D51F6-E22D-465A-9F14-B2D9FB454D96}"
EndProject
Global
	GlobalSection(SolutionConfigurationPlatforms) = preSolution
		Debug|Any CPU = Debug|Any CPU
		Debug|x64 = Debug|x64
		Debug|x86 = Debug|x86
		Release|Any CPU = Release|Any CPU
		Release|x64 = Release|x64
		Release|x86 = Release|x86
	EndGlobalSection
	GlobalSection(ProjectConfigurationPlatforms) = postSolution
		{CF742EC8-64CE-470D-806C-B4F9E9B1CAD3}.Debug|Any CPU.ActiveCfg = Debug|Any CPU
		{CF742EC8-64CE-470D-806C-B4F9E9B1CAD3}.Debug|Any CPU.Build.0 = Debug|Any CPU
		{CF742EC8-64CE-470D-806C-B4F9E9B1CAD3}.Debug|x64.ActiveCfg = Debug|Any CPU
		{CF742EC8-64CE-470D-806C-B4F9E9B1CAD3}.Debug|x64.Build.0 = Debug|Any CPU
		{CF742EC8-64CE-470D-806C-B4F9E9B1CAD3}.Debug|x86.ActiveCfg = Debug|Any CPU
		{CF742EC8-64CE-470D-806C-B4F9E9B1CAD3}.Debug|x86.Build.0 = Debug|Any CPU
		{CF742EC8-64CE-470D-806C-B4F9E9B1CAD3}.Release|Any CPU.ActiveCfg = Release|Any CPU
		{CF742EC8-64CE-470D-806C-B4F9E9B1CAD3}.Release|Any CPU.Build.0 = Release|Any CPU
		{CF742EC8-64CE-470D-806C-B4F9E9B1CAD3}.Release|x64.ActiveCfg = Release|Any CPU
		{CF742EC8-64CE-470D-806C-B4F9E9B1CAD3}.Release|x64.Build.0 = Release|Any CPU
		{CF742EC8-64CE-470D-806C-B4F9E9B1CAD3}.Release|x86.ActiveCfg = Release|Any CPU
		{CF742EC8-64CE-470D-806C-B4F9E9B1CAD3}.Release|x86.Build.0 = Release|Any CPU
		{1B32F90D-2DB8-4D83-886E-4F1DA554A896}.Debug|Any CPU.ActiveCfg = Debug|Any CPU
		{1B32F90D-2DB8-4D83-886E-4F1DA554A896}.Debug|Any CPU.Build.0 = Debug|Any CPU
		{1B32F90D-2DB8-4D83-886E-4F1DA554A896}.Debug|x64.ActiveCfg = Debug|Any CPU
		{1B32F90D-2DB8-4D83-886E-4F1DA554A896}.Debug|x64.Build.0 = Debug|Any CPU
		{1B32F90D-2DB8-4D83-886E-4F1DA554A896}.Debug|x86.ActiveCfg = Debug|Any CPU
		{1B32F90D-2DB8-4D83-886E-4F1DA554A896}.Debug|x86.Build.0 = Debug|Any CPU
		{1B32F90D-2DB8-4D83-886E-4F1DA554A896}.Release|Any CPU.ActiveCfg = Release|Any CPU
		{1B32F90D-2DB8-4D83-886E-4F1DA554A896}.Release|Any CPU.Build.0 = Release|Any CPU
		{1B32F90D-2DB8-4D83-886E-4F1DA554A896}.Release|x64.ActiveCfg = Release|Any CPU
		{1B32F90D-2DB8-4D83-886E-4F1DA554A896}.Release|x64.Build.0 = Release|Any CPU
		{1B32F90D-2DB8-4D83-886E-4F1DA554A896}.Release|x86.ActiveCfg = Release|Any CPU
		{1B32F90D-2DB8-4D83-886E-4F1DA554A896}.Release|x86.Build.0 = Release|Any CPU
		{9AFE41DE-6B66-4D37-927F-ED53B8A1E0EB}.Debug|Any CPU.ActiveCfg = Debug|Any CPU
		{9AFE41DE-6B66-4D37-927F-ED53B8A1E0EB}.Debug|Any CPU.Build.0 = Debug|Any CPU
		{9AFE41DE-6B66-4D37-927F-ED53B8A1E0EB}.Debug|x64.ActiveCfg = Debug|Any CPU
		{9AFE41DE-6B66-4D37-927F-ED53B8A1E0EB}.Debug|x64.Build.0 = Debug|Any CPU
		{9AFE41DE-6B66-4D37-927F-ED53B8A1E0EB}.Debug|x86.ActiveCfg = Debug|Any CPU
		{9AFE41DE-6B66-4D37-927F-ED53B8A1E0EB}.Debug|x86.Build.0 = Debug|Any CPU
		{9AFE41DE-6B66-4D37-927F-ED53B8A1E0EB}.Release|Any CPU.ActiveCfg = Release|Any CPU
		{9AFE41DE-6B66-4D37-927F-ED53B8A1E0EB}.Release|Any CPU.Build.0 = Release|Any CPU
		{9AFE41DE-6B66-4D37-927F-ED53B8A1E0EB}.Release|x64.ActiveCfg = Release|Any CPU
		{9AFE41DE-6B66-4D37-927F-ED53B8A1E0EB}.Release|x64.Build.0 = Release|Any CPU
		{9AFE41DE-6B66-4D37-927F-ED53B8A1E0EB}.Release|x86.ActiveCfg = Release|Any CPU
		{9AFE41DE-6B66-4D37-927F-ED53B8A1E0EB}.Release|x86.Build.0 = Release|Any CPU
		{E0220E15-33B3-492F-BA0E-899265989B09}.Debug|Any CPU.ActiveCfg = Debug|Any CPU
		{E0220E15-33B3-492F-BA0E-899265989B09}.Debug|Any CPU.Build.0 = Debug|Any CPU
		{E0220E15-33B3-492F-BA0E-899265989B09}.Debug|x64.ActiveCfg = Debug|Any CPU
		{E0220E15-33B3-492F-BA0E-899265989B09}.Debug|x64.Build.0 = Debug|Any CPU
		{E0220E15-33B3-492F-BA0E-899265989B09}.Debug|x86.ActiveCfg = Debug|Any CPU
		{E0220E15-33B3-492F-BA0E-899265989B09}.Debug|x86.Build.0 = Debug|Any CPU
		{E0220E15-33B3-492F-BA0E-899265989B09}.Release|Any CPU.ActiveCfg = Release|Any CPU
		{E0220E15-33B3-492F-BA0E-899265989B09}.Release|Any CPU.Build.0 = Release|Any CPU
		{E0220E15-33B3-492F-BA0E-899265989B09}.Release|x64.ActiveCfg = Release|Any CPU
		{E0220E15-33B3-492F-BA0E-899265989B09}.Release|x64.Build.0 = Release|Any CPU
		{E0220E15-33B3-492F-BA0E-899265989B09}.Release|x86.ActiveCfg = Release|Any CPU
		{E0220E15-33B3-492F-BA0E-899265989B09}.Release|x86.Build.0 = Release|Any CPU
		{74BEDDF4-6C1D-4368-BF8B-BE38FE855B3E}.Debug|Any CPU.ActiveCfg = Debug|Any CPU
		{74BEDDF4-6C1D-4368-BF8B-BE38FE855B3E}.Debug|Any CPU.Build.0 = Debug|Any CPU
		{74BEDDF4-6C1D-4368-BF8B-BE38FE855B3E}.Debug|x64.ActiveCfg = Debug|Any CPU
		{74BEDDF4-6C1D-4368-BF8B-BE38FE855B3E}.Debug|x64.Build.0 = Debug|Any CPU
		{74BEDDF4-6C1D-4368-BF8B-BE38FE855B3E}.Debug|x86.ActiveCfg = Debug|Any CPU
		{74BEDDF4-6C1D-4368-BF8B-BE38FE855B3E}.Debug|x86.Build.0 = Debug|Any CPU
		{74BEDDF4-6C1D-4368-BF8B-BE38FE855B3E}.Release|Any CPU.ActiveCfg = Release|Any CPU
		{74BEDDF4-6C1D-4368-BF8B-BE38FE855B3E}.Release|Any CPU.Build.0 = Release|Any CPU
		{74BEDDF4-6C1D-4368-BF8B-BE38FE855B3E}.Release|x64.ActiveCfg = Release|Any CPU
		{74BEDDF4-6C1D-4368-BF8B-BE38FE855B3E}.Release|x64.Build.0 = Release|Any CPU
		{74BEDDF4-6C1D-4368-BF8B-BE38FE855B3E}.Release|x86.ActiveCfg = Release|Any CPU
		{74BEDDF4-6C1D-4368-BF8B-BE38FE855B3E}.Release|x86.Build.0 = Release|Any CPU
		{495D51F6-E22D-465A-9F14-B2D9FB454D96}.Debug|Any CPU.ActiveCfg = Debug|Any CPU
		{495D51F6-E22D-465A-9F14-B2D9FB454D96}.Debug|Any CPU.Build.0 = Debug|Any CPU
		{495D51F6-E22D-465A-9F14-B2D9FB454D96}.Debug|x64.ActiveCfg = Debug|Any CPU
		{495D51F6-E22D-465A-9F14-B2D9FB454D96}.Debug|x64.Build.0 = Debug|Any CPU
		{495D51F6-E22D-465A-9F14-B2D9FB454D96}.Debug|x86.ActiveCfg = Debug|Any CPU
		{495D51F6-E22D-465A-9F14-B2D9FB454D96}.Debug|x86.Build.0 = Debug|Any CPU
		{495D51F6-E22D-465A-9F14-B2D9FB454D96}.Release|Any CPU.ActiveCfg = Release|Any CPU
		{495D51F6-E22D-465A-9F14-B2D9FB454D96}.Release|Any CPU.Build.0 = Release|Any CPU
		{495D51F6-E22D-465A-9F14-B2D9FB454D96}.Release|x64.ActiveCfg = Release|Any CPU
		{495D51F6-E22D-465A-9F14-B2D9FB454D96}.Release|x64.Build.0 = Release|Any CPU
		{495D51F6-E22D-465A-9F14-B2D9FB454D96}.Release|x86.ActiveCfg = Release|Any CPU
		{495D51F6-E22D-465A-9F14-B2D9FB454D96}.Release|x86.Build.0 = Release|Any CPU
	EndGlobalSection
	GlobalSection(SolutionProperties) = preSolution
		HideSolutionNode = FALSE
	EndGlobalSection
	GlobalSection(NestedProjects) = preSolution
		{CF742EC8-64CE-470D-806C-B4F9E9B1CAD3} = {827E0CD3-B72D-47B6-A68D-7590B98EB39B}
		{1B32F90D-2DB8-4D83-886E-4F1DA554A896} = {827E0CD3-B72D-47B6-A68D-7590B98EB39B}
		{9AFE41DE-6B66-4D37-927F-ED53B8A1E0EB} = {827E0CD3-B72D-47B6-A68D-7590B98EB39B}
		{E0220E15-33B3-492F-BA0E-899265989B09} = {827E0CD3-B72D-47B6-A68D-7590B98EB39B}
		{74BEDDF4-6C1D-4368-BF8B-BE38FE855B3E} = {0AB3BF05-4346-4AA6-1389-037BE0695223}
		{495D51F6-E22D-465A-9F14-B2D9FB454D96} = {827E0CD3-B72D-47B6-A68D-7590B98EB39B}
	EndGlobalSection
EndGlobal
